
Microsoft Visual Studio Solution File, Format Version 12.00
# Visual Studio 14
VisualStudioVersion = 14.0.24720.0
MinimumVisualStudioVersion = 10.0.40219.1
Project("{FAE04EC0-301F-11D3-BF4B-00C04F79EFBC}") = "web.api", "web.api\web.api.csproj", "{CFBB6008-A9EE-4EC4-ABE4-250E13EED7CE}"
EndProject
Project("{FAE04EC0-301F-11D3-BF4B-00C04F79EFBC}") = "web.api.data.access", "web.api.data.access\web.api.data.access.csproj", "{C2508C4F-930A-4E6C-93BC-0B9DDD13FD8B}"
EndProject
Project("{FAE04EC0-301F-11D3-BF4B-00C04F79EFBC}") = "web.api.data.entities", "web.api.data.entities\web.api.data.entities.csproj", "{3407E4C4-994A-4DD3-A0F7-A55ECBFB476C}"
EndProject
Project("{FAE04EC0-301F-11D3-BF4B-00C04F79EFBC}") = "web.api.business.logic", "web.api.business.logic\web.api.business.logic.csproj", "{158DEA9A-A227-400C-B8F8-908B18C57022}"
EndProject
Project("{FAE04EC0-301F-11D3-BF4B-00C04F79EFBC}") = "web.api.business.entities", "web.api.business.entities\web.api.business.entities.csproj", "{0825D746-55E3-4B54-81DD-0BFCDDD6FD4E}"
EndProject
Global
	GlobalSection(SolutionConfigurationPlatforms) = preSolution
		Debug|Any CPU = Debug|Any CPU
		Release|Any CPU = Release|Any CPU
	EndGlobalSection
	GlobalSection(ProjectConfigurationPlatforms) = postSolution
		{CFBB6008-A9EE-4EC4-ABE4-250E13EED7CE}.Debug|Any CPU.ActiveCfg = Debug|Any CPU
		{CFBB6008-A9EE-4EC4-ABE4-250E13EED7CE}.Debug|Any CPU.Build.0 = Debug|Any CPU
		{CFBB6008-A9EE-4EC4-ABE4-250E13EED7CE}.Release|Any CPU.ActiveCfg = Release|Any CPU
		{CFBB6008-A9EE-4EC4-ABE4-250E13EED7CE}.Release|Any CPU.Build.0 = Release|Any CPU
		{C2508C4F-930A-4E6C-93BC-0B9DDD13FD8B}.Debug|Any CPU.ActiveCfg = Debug|Any CPU
		{C2508C4F-930A-4E6C-93BC-0B9DDD13FD8B}.Debug|Any CPU.Build.0 = Debug|Any CPU
		{C2508C4F-930A-4E6C-93BC-0B9DDD13FD8B}.Release|Any CPU.ActiveCfg = Release|Any CPU
		{C2508C4F-930A-4E6C-93BC-0B9DDD13FD8B}.Release|Any CPU.Build.0 = Release|Any CPU
		{3407E4C4-994A-4DD3-A0F7-A55ECBFB476C}.Debug|Any CPU.ActiveCfg = Debug|Any CPU
		{3407E4C4-994A-4DD3-A0F7-A55ECBFB476C}.Debug|Any CPU.Build.0 = Debug|Any CPU
		{3407E4C4-994A-4DD3-A0F7-A55ECBFB476C}.Release|Any CPU.ActiveCfg = Release|Any CPU
		{3407E4C4-994A-4DD3-A0F7-A55ECBFB476C}.Release|Any CPU.Build.0 = Release|Any CPU
		{158DEA9A-A227-400C-B8F8-908B18C57022}.Debug|Any CPU.ActiveCfg = Debug|Any CPU
		{158DEA9A-A227-400C-B8F8-908B18C57022}.Debug|Any CPU.Build.0 = Debug|Any CPU
		{158DEA9A-A227-400C-B8F8-908B18C57022}.Release|Any CPU.ActiveCfg = Release|Any CPU
		{158DEA9A-A227-400C-B8F8-908B18C57022}.Release|Any CPU.Build.0 = Release|Any CPU
		{0825D746-55E3-4B54-81DD-0BFCDDD6FD4E}.Debug|Any CPU.ActiveCfg = Debug|Any CPU
		{0825D746-55E3-4B54-81DD-0BFCDDD6FD4E}.Debug|Any CPU.Build.0 = Debug|Any CPU
		{0825D746-55E3-4B54-81DD-0BFCDDD6FD4E}.Release|Any CPU.ActiveCfg = Release|Any CPU
		{0825D746-55E3-4B54-81DD-0BFCDDD6FD4E}.Release|Any CPU.Build.0 = Release|Any CPU
	EndGlobalSection
	GlobalSection(SolutionProperties) = preSolution
		HideSolutionNode = FALSE
	EndGlobalSection
EndGlobal
